
Microsoft Visual Studio Solution File, Format Version 12.00
# Visual Studio 14
VisualStudioVersion = 14.0.25420.1
MinimumVisualStudioVersion = 10.0.40219.1
Project("{FAE04EC0-301F-11D3-BF4B-00C04F79EFBC}") = "CouchDbApplication", "CouchDbApplication\CouchDbApplication.csproj", "{27E8D90C-C8AE-4D18-9343-E4DD78EEF867}"
EndProject
Project("{FAE04EC0-301F-11D3-BF4B-00C04F79EFBC}") = "CouchDbApplication.Test", "CouchDbApplication.Test\CouchDbApplication.Test.csproj", "{4D7D1206-89AA-43C8-9AC2-FF0227F5EE29}"
EndProject
Global
	GlobalSection(SolutionConfigurationPlatforms) = preSolution
		Debug|Any CPU = Debug|Any CPU
		Release|Any CPU = Release|Any CPU
	EndGlobalSection
	GlobalSection(ProjectConfigurationPlatforms) = postSolution
		{27E8D90C-C8AE-4D18-9343-E4DD78EEF867}.Debug|Any CPU.ActiveCfg = Debug|Any CPU
		{27E8D90C-C8AE-4D18-9343-E4DD78EEF867}.Debug|Any CPU.Build.0 = Debug|Any CPU
		{27E8D90C-C8AE-4D18-9343-E4DD78EEF867}.Release|Any CPU.ActiveCfg = Release|Any CPU
		{27E8D90C-C8AE-4D18-9343-E4DD78EEF867}.Release|Any CPU.Build.0 = Release|Any CPU
		{4D7D1206-89AA-43C8-9AC2-FF0227F5EE29}.Debug|Any CPU.ActiveCfg = Debug|Any CPU
		{4D7D1206-89AA-43C8-9AC2-FF0227F5EE29}.Debug|Any CPU.Build.0 = Debug|Any CPU
		{4D7D1206-89AA-43C8-9AC2-FF0227F5EE29}.Release|Any CPU.ActiveCfg = Release|Any CPU
		{4D7D1206-89AA-43C8-9AC2-FF0227F5EE29}.Release|Any CPU.Build.0 = Release|Any CPU
	EndGlobalSection
	GlobalSection(SolutionProperties) = preSolution
		HideSolutionNode = FALSE
	EndGlobalSection
EndGlobal
